
Microsoft Visual Studio Solution File, Format Version 12.00
# Visual Studio Version 17
VisualStudioVersion = 17.8.34408.163
MinimumVisualStudioVersion = 10.0.40219.1
Project("{FAE04EC0-301F-11D3-BF4B-00C04F79EFBC}") = "Fundamentals_Excercise", "Fundamentals_Excercise\Fundamentals_Excercise.csproj", "{2F63B29D-504D-48DB-B9D4-40AC51CD5079}"
EndProject
Global
	GlobalSection(SolutionConfigurationPlatforms) = preSolution
		Debug|Any CPU = Debug|Any CPU
		Release|Any CPU = Release|Any CPU
	EndGlobalSection
	GlobalSection(ProjectConfigurationPlatforms) = postSolution
		{2F63B29D-504D-48DB-B9D4-40AC51CD5079}.Debug|Any CPU.ActiveCfg = Debug|Any CPU
		{2F63B29D-504D-48DB-B9D4-40AC51CD5079}.Debug|Any CPU.Build.0 = Debug|Any CPU
		{2F63B29D-504D-48DB-B9D4-40AC51CD5079}.Release|Any CPU.ActiveCfg = Release|Any CPU
		{2F63B29D-504D-48DB-B9D4-40AC51CD5079}.Release|Any CPU.Build.0 = Release|Any CPU
	EndGlobalSection
	GlobalSection(SolutionProperties) = preSolution
		HideSolutionNode = FALSE
	EndGlobalSection
	GlobalSection(ExtensibilityGlobals) = postSolution
		SolutionGuid = {B83015F9-98EE-41CD-BDE9-142F1D9A1C8B}
	EndGlobalSection
EndGlobal
